
Microsoft Visual Studio Solution File, Format Version 12.00
# Visual Studio Version 16
VisualStudioVersion = 16.0.30503.244
MinimumVisualStudioVersion = 10.0.40219.1
Project("{FAE04EC0-301F-11D3-BF4B-00C04F79EFBC}") = "AnimatedText.Android", "AnimatedText\AnimatedText.Android\AnimatedText.Android.csproj", "{59743979-5CB0-423B-BB03-8CB758520D01}"
EndProject
Project("{FAE04EC0-301F-11D3-BF4B-00C04F79EFBC}") = "AnimatedText.iOS", "AnimatedText\AnimatedText.iOS\AnimatedText.iOS.csproj", "{95926FC2-CB2E-41BE-ADEE-17BCCD36E7DF}"
EndProject
Project("{FAE04EC0-301F-11D3-BF4B-00C04F79EFBC}") = "AnimatedText", "AnimatedText\AnimatedText\AnimatedText.csproj", "{2098458F-5F66-4D6C-98E9-52D9D517770A}"
EndProject
Global
	GlobalSection(SolutionConfigurationPlatforms) = preSolution
		Debug|Any CPU = Debug|Any CPU
		Debug|iPhone = Debug|iPhone
		Debug|iPhoneSimulator = Debug|iPhoneSimulator
		Release|Any CPU = Release|Any CPU
		Release|iPhone = Release|iPhone
		Release|iPhoneSimulator = Release|iPhoneSimulator
	EndGlobalSection
	GlobalSection(ProjectConfigurationPlatforms) = postSolution
		{59743979-5CB0-423B-BB03-8CB758520D01}.Debug|Any CPU.ActiveCfg = Debug|Any CPU
		{59743979-5CB0-423B-BB03-8CB758520D01}.Debug|Any CPU.Build.0 = Debug|Any CPU
		{59743979-5CB0-423B-BB03-8CB758520D01}.Debug|Any CPU.Deploy.0 = Debug|Any CPU
		{59743979-5CB0-423B-BB03-8CB758520D01}.Debug|iPhone.ActiveCfg = Debug|Any CPU
		{59743979-5CB0-423B-BB03-8CB758520D01}.Debug|iPhone.Build.0 = Debug|Any CPU
		{59743979-5CB0-423B-BB03-8CB758520D01}.Debug|iPhone.Deploy.0 = Debug|Any CPU
		{59743979-5CB0-423B-BB03-8CB758520D01}.Debug|iPhoneSimulator.ActiveCfg = Debug|Any CPU
		{59743979-5CB0-423B-BB03-8CB758520D01}.Debug|iPhoneSimulator.Build.0 = Debug|Any CPU
		{59743979-5CB0-423B-BB03-8CB758520D01}.Debug|iPhoneSimulator.Deploy.0 = Debug|Any CPU
		{59743979-5CB0-423B-BB03-8CB758520D01}.Release|Any CPU.ActiveCfg = Release|Any CPU
		{59743979-5CB0-423B-BB03-8CB758520D01}.Release|Any CPU.Build.0 = Release|Any CPU
		{59743979-5CB0-423B-BB03-8CB758520D01}.Release|Any CPU.Deploy.0 = Release|Any CPU
		{59743979-5CB0-423B-BB03-8CB758520D01}.Release|iPhone.ActiveCfg = Release|Any CPU
		{59743979-5CB0-423B-BB03-8CB758520D01}.Release|iPhone.Build.0 = Release|Any CPU
		{59743979-5CB0-423B-BB03-8CB758520D01}.Release|iPhone.Deploy.0 = Release|Any CPU
		{59743979-5CB0-423B-BB03-8CB758520D01}.Release|iPhoneSimulator.ActiveCfg = Release|Any CPU
		{59743979-5CB0-423B-BB03-8CB758520D01}.Release|iPhoneSimulator.Build.0 = Release|Any CPU
		{59743979-5CB0-423B-BB03-8CB758520D01}.Release|iPhoneSimulator.Deploy.0 = Release|Any CPU
		{95926FC2-CB2E-41BE-ADEE-17BCCD36E7DF}.Debug|Any CPU.ActiveCfg = Debug|iPhone
		{95926FC2-CB2E-41BE-ADEE-17BCCD36E7DF}.Debug|Any CPU.Build.0 = Debug|iPhone
		{95926FC2-CB2E-41BE-ADEE-17BCCD36E7DF}.Debug|Any CPU.Deploy.0 = Debug|iPhone
		{95926FC2-CB2E-41BE-ADEE-17BCCD36E7DF}.Debug|iPhone.ActiveCfg = Debug|iPhone
		{95926FC2-CB2E-41BE-ADEE-17BCCD36E7DF}.Debug|iPhone.Build.0 = Debug|iPhone
		{95926FC2-CB2E-41BE-ADEE-17BCCD36E7DF}.Debug|iPhone.Deploy.0 = Debug|iPhone
		{95926FC2-CB2E-41BE-ADEE-17BCCD36E7DF}.Debug|iPhoneSimulator.ActiveCfg = Debug|iPhoneSimulator
		{95926FC2-CB2E-41BE-ADEE-17BCCD36E7DF}.Debug|iPhoneSimulator.Build.0 = Debug|iPhoneSimulator
		{95926FC2-CB2E-41BE-ADEE-17BCCD36E7DF}.Debug|iPhoneSimulator.Deploy.0 = Debug|iPhoneSimulator
		{95926FC2-CB2E-41BE-ADEE-17BCCD36E7DF}.Release|Any CPU.ActiveCfg = Release|iPhoneSimulator
		{95926FC2-CB2E-41BE-ADEE-17BCCD36E7DF}.Release|Any CPU.Build.0 = Release|iPhoneSimulator
		{95926FC2-CB2E-41BE-ADEE-17BCCD36E7DF}.Release|Any CPU.Deploy.0 = Release|iPhoneSimulator
		{95926FC2-CB2E-41BE-ADEE-17BCCD36E7DF}.Release|iPhone.ActiveCfg = Release|iPhone
		{95926FC2-CB2E-41BE-ADEE-17BCCD36E7DF}.Release|iPhone.Build.0 = Release|iPhone
		{95926FC2-CB2E-41BE-ADEE-17BCCD36E7DF}.Release|iPhone.Deploy.0 = Release|iPhone
		{95926FC2-CB2E-41BE-ADEE-17BCCD36E7DF}.Release|iPhoneSimulator.ActiveCfg = Release|iPhoneSimulator
		{95926FC2-CB2E-41BE-ADEE-17BCCD36E7DF}.Release|iPhoneSimulator.Build.0 = Release|iPhoneSimulator
		{95926FC2-CB2E-41BE-ADEE-17BCCD36E7DF}.Release|iPhoneSimulator.Deploy.0 = Release|iPhoneSimulator
		{2098458F-5F66-4D6C-98E9-52D9D517770A}.Debug|Any CPU.ActiveCfg = Debug|Any CPU
		{2098458F-5F66-4D6C-98E9-52D9D517770A}.Debug|Any CPU.Build.0 = Debug|Any CPU
		{2098458F-5F66-4D6C-98E9-52D9D517770A}.Debug|Any CPU.Deploy.0 = Debug|Any CPU
		{2098458F-5F66-4D6C-98E9-52D9D517770A}.Debug|iPhone.ActiveCfg = Debug|Any CPU
		{2098458F-5F66-4D6C-98E9-52D9D517770A}.Debug|iPhone.Build.0 = Debug|Any CPU
		{2098458F-5F66-4D6C-98E9-52D9D517770A}.Debug|iPhone.Deploy.0 = Debug|Any CPU
		{2098458F-5F66-4D6C-98E9-52D9D517770A}.Debug|iPhoneSimulator.ActiveCfg = Debug|Any CPU
		{2098458F-5F66-4D6C-98E9-52D9D517770A}.Debug|iPhoneSimulator.Build.0 = Debug|Any CPU
		{2098458F-5F66-4D6C-98E9-52D9D517770A}.Debug|iPhoneSimulator.Deploy.0 = Debug|Any CPU
		{2098458F-5F66-4D6C-98E9-52D9D517770A}.Release|Any CPU.ActiveCfg = Release|Any CPU
		{2098458F-5F66-4D6C-98E9-52D9D517770A}.Release|Any CPU.Build.0 = Release|Any CPU
		{2098458F-5F66-4D6C-98E9-52D9D517770A}.Release|Any CPU.Deploy.0 = Release|Any CPU
		{2098458F-5F66-4D6C-98E9-52D9D517770A}.Release|iPhone.ActiveCfg = Release|Any CPU
		{2098458F-5F66-4D6C-98E9-52D9D517770A}.Release|iPhone.Build.0 = Release|Any CPU
		{2098458F-5F66-4D6C-98E9-52D9D517770A}.Release|iPhone.Deploy.0 = Release|Any CPU
		{2098458F-5F66-4D6C-98E9-52D9D517770A}.Release|iPhoneSimulator.ActiveCfg = Release|Any CPU
		{2098458F-5F66-4D6C-98E9-52D9D517770A}.Release|iPhoneSimulator.Build.0 = Release|Any CPU
		{2098458F-5F66-4D6C-98E9-52D9D517770A}.Release|iPhoneSimulator.Deploy.0 = Release|Any CPU
	EndGlobalSection
	GlobalSection(SolutionProperties) = preSolution
		HideSolutionNode = FALSE
	EndGlobalSection
	GlobalSection(ExtensibilityGlobals) = postSolution
		SolutionGuid = {5BFCE262-076A-484C-B1F2-98060A070D96}
	EndGlobalSection
EndGlobal
